// !$*UTF8*$!
{
	archiveVersion = 1;
	classes = {
	};
	objectVersion = 46;
	objects = {

/* Begin PBXBuildFile section */
		EA2B08931C5F1C4B00DBEC0A /* main.m in Sources */ = {isa = PBXBuildFile; fileRef = EA2B08921C5F1C4B00DBEC0A /* main.m */; };
		EA2B08961C5F1C4B00DBEC0A /* AppDelegate.m in Sources */ = {isa = PBXBuildFile; fileRef = EA2B08951C5F1C4B00DBEC0A /* AppDelegate.m */; };
		EA2B08991C5F1C4B00DBEC0A /* ViewController.m in Sources */ = {isa = PBXBuildFile; fileRef = EA2B08981C5F1C4B00DBEC0A /* ViewController.m */; };
		EA2B089C1C5F1C4B00DBEC0A /* Main.storyboard in Resources */ = {isa = PBXBuildFile; fileRef = EA2B089A1C5F1C4B00DBEC0A /* Main.storyboard */; };
		EA2B089E1C5F1C4B00DBEC0A /* Assets.xcassets in Resources */ = {isa = PBXBuildFile; fileRef = EA2B089D1C5F1C4B00DBEC0A /* Assets.xcassets */; };
		EA2B08A11C5F1C4B00DBEC0A /* LaunchScreen.storyboard in Resources */ = {isa = PBXBuildFile; fileRef = EA2B089F1C5F1C4B00DBEC0A /* LaunchScreen.storyboard */; };
/* End PBXBuildFile section */

/* Begin PBXFileReference section */
		EA2B088E1C5F1C4B00DBEC0A /* Ch1-Blocks.app */ = {isa = PBXFileReference; explicitFileType = wrapper.application; includeInIndex = 0; path = "Ch1-Blocks.app"; sourceTree = BUILT_PRODUCTS_DIR; };
		EA2B08921C5F1C4B00DBEC0A /* main.m */ = {isa = PBXFileReference; lastKnownFileType = sourcecode.c.objc; path = main.m; sourceTree = "<group>"; };
		EA2B08941C5F1C4B00DBEC0A /* AppDelegate.h */ = {isa = PBXFileReference; lastKnownFileType = sourcecode.c.h; path = AppDelegate.h; sourceTree = "<group>"; };
		EA2B08951C5F1C4B00DBEC0A /* AppDelegate.m */ = {isa = PBXFileReference; lastKnownFileType = sourcecode.c.objc; path = AppDelegate.m; sourceTree = "<group>"; };
		EA2B08971C5F1C4B00DBEC0A /* ViewController.h */ = {isa = PBXFileReference; lastKnownFileType = sourcecode.c.h; path = ViewController.h; sourceTree = "<group>"; };
		EA2B08981C5F1C4B00DBEC0A /* ViewController.m */ = {isa = PBXFileReference; lastKnownFileType = sourcecode.c.objc; path = ViewController.m; sourceTree = "<group>"; };
		EA2B089B1C5F1C4B00DBEC0A /* Base */ = {isa = PBXFileReference; lastKnownFileType = file.storyboard; name = Base; path = Base.lproj/Main.storyboard; sourceTree = "<group>"; };
		EA2B089D1C5F1C4B00DBEC0A /* Assets.xcassets */ = {isa = PBXFileReference; lastKnownFileType = folder.assetcatalog; path = Assets.xcassets; sourceTree = "<group>"; };
		EA2B08A01C5F1C4B00DBEC0A /* Base */ = {isa = PBXFileReference; lastKnownFileType = file.storyboard; name = Base; path = Base.lproj/LaunchScreen.storyboard; sourceTree = "<group>"; };
		EA2B08A21C5F1C4B00DBEC0A /* Info.plist */ = {isa = PBXFileReference; lastKnownFileType = text.plist.xml; path = Info.plist; sourceTree = "<group>"; };
/* End PBXFileReference section */

/* Begin PBXFrameworksBuildPhase section */
		EA2B088B1C5F1C4B00DBEC0A /* Frameworks */ = {
			isa = PBXFrameworksBuildPhase;
			buildActionMask = 2147483647;
			files = (
			);
			runOnlyForDeploymentPostprocessing = 0;
		};
/* End PBXFrameworksBuildPhase section */

/* Begin PBXGroup section */
		EA2B08851C5F1C4B00DBEC0A = {
			isa = PBXGroup;
			children = (
				EA2B08901C5F1C4B00DBEC0A /* Ch1-Blocks */,
				EA2B088F1C5F1C4B00DBEC0A /* Products */,
			);
			sourceTree = "<group>";
		};
		EA2B088F1C5F1C4B00DBEC0A /* Products */ = {
			isa = PBXGroup;
			children = (
				EA2B088E1C5F1C4B00DBEC0A /* Ch1-Blocks.app */,
			);
			name = Products;
			sourceTree = "<group>";
		};
		EA2B08901C5F1C4B00DBEC0A /* Ch1-Blocks */ = {
			isa = PBXGroup;
			children = (
				EA2B08941C5F1C4B00DBEC0A /* AppDelegate.h */,
				EA2B08951C5F1C4B00DBEC0A /* AppDelegate.m */,
				EA2B08971C5F1C4B00DBEC0A /* ViewController.h */,
				EA2B08981C5F1C4B00DBEC0A /* ViewController.m */,
				EA2B089A1C5F1C4B00DBEC0A /* Main.storyboard */,
				EA2B089D1C5F1C4B00DBEC0A /* Assets.xcassets */,
				EA2B089F1C5F1C4B00DBEC0A /* LaunchScreen.storyboard */,
				EA2B08A21C5F1C4B00DBEC0A /* Info.plist */,
				EA2B08911C5F1C4B00DBEC0A /* Supporting Files */,
			);
			path = "Ch1-Blocks";
			sourceTree = "<group>";
		};
		EA2B08911C5F1C4B00DBEC0A /* Supporting Files */ = {
			isa = PBXGroup;
			children = (
				EA2B08921C5F1C4B00DBEC0A /* main.m */,
			);
			name = "Supporting Files";
			sourceTree = "<group>";
		};
/* End PBXGroup section */

/* Begin PBXNativeTarget section */
		EA2B088D1C5F1C4B00DBEC0A /* Ch1-Blocks */ = {
			isa = PBXNativeTarget;
			buildConfigurationList = EA2B08A51C5F1C4B00DBEC0A /* Build configuration list for PBXNativeTarget "Ch1-Blocks" */;
			buildPhases = (
				EA2B088A1C5F1C4B00DBEC0A /* Sources */,
				EA2B088B1C5F1C4B00DBEC0A /* Frameworks */,
				EA2B088C1C5F1C4B00DBEC0A /* Resources */,
			);
			buildRules = (
			);
			dependencies = (
			);
			name = "Ch1-Blocks";
			productName = "Ch1-Blocks";
			productReference = EA2B088E1C5F1C4B00DBEC0A /* Ch1-Blocks.app */;
			productType = "com.apple.product-type.application";
		};
/* End PBXNativeTarget section */

/* Begin PBXProject section */
		EA2B08861C5F1C4B00DBEC0A /* Project object */ = {
			isa = PBXProject;
			attributes = {
				LastUpgradeCheck = 0720;
				ORGANIZATIONNAME = "Kwan-abgo-jedy";
				TargetAttributes = {
					EA2B088D1C5F1C4B00DBEC0A = {
						CreatedOnToolsVersion = 7.2;
					};
				};
			};
			buildConfigurationList = EA2B08891C5F1C4B00DBEC0A /* Build configuration list for PBXProject "Ch1-Blocks" */;
			compatibilityVersion = "Xcode 3.2";
			developmentRegion = English;
			hasScannedForEncodings = 0;
			knownRegions = (
				en,
				Base,
			);
			mainGroup = EA2B08851C5F1C4B00DBEC0A;
			productRefGroup = EA2B088F1C5F1C4B00DBEC0A /* Products */;
			projectDirPath = "";
			projectRoot = "";
			targets = (
				EA2B088D1C5F1C4B00DBEC0A /* Ch1-Blocks */,
			);
		};
/* End PBXProject section */

/* Begin PBXResourcesBuildPhase section */
		EA2B088C1C5F1C4B00DBEC0A /* Resources */ = {
			isa = PBXResourcesBuildPhase;
			buildActionMask = 2147483647;
			files = (
				EA2B08A11C5F1C4B00DBEC0A /* LaunchScreen.storyboard in Resources */,
				EA2B089E1C5F1C4B00DBEC0A /* Assets.xcassets in Resources */,
				EA2B089C1C5F1C4B00DBEC0A /* Main.storyboard in Resources */,
			);
			runOnlyForDeploymentPostprocessing = 0;
		};
/* End PBXResourcesBuildPhase section */

/* Begin PBXSourcesBuildPhase section */
		EA2B088A1C5F1C4B00DBEC0A /* Sources */ = {
			isa = PBXSourcesBuildPhase;
			buildActionMask = 2147483647;
			files = (
				EA2B08991C5F1C4B00DBEC0A /* ViewController.m in Sources */,
				EA2B08961C5F1C4B00DBEC0A /* AppDelegate.m in Sources */,
				EA2B08931C5F1C4B00DBEC0A /* main.m in Sources */,
			);
			runOnlyForDeploymentPostprocessing = 0;
		};
/* End PBXSourcesBuildPhase section */

/* Begin PBXVariantGroup section */
		EA2B089A1C5F1C4B00DBEC0A /* Main.storyboard */ = {
			isa = PBXVariantGroup;
			children = (
				EA2B089B1C5F1C4B00DBEC0A /* Base */,
			);
			name = Main.storyboard;
			sourceTree = "<group>";
		};
		EA2B089F1C5F1C4B00DBEC0A /* LaunchScreen.storyboard */ = {
			isa = PBXVariantGroup;
			children = (
				EA2B08A01C5F1C4B00DBEC0A /* Base */,
			);
			name = LaunchScreen.storyboard;
			sourceTree = "<group>";
		};
/* End PBXVariantGroup section */

/* Begin XCBuildConfiguration section */
		EA2B08A31C5F1C4B00DBEC0A /* Debug */ = {
			isa = XCBuildConfiguration;
			buildSettings = {
				ALWAYS_SEARCH_USER_PATHS = NO;
				CLANG_CXX_LANGUAGE_STANDARD = "gnu++0x";
				CLANG_CXX_LIBRARY = "libc++";
				CLANG_ENABLE_MODULES = YES;
				CLANG_ENABLE_OBJC_ARC = YES;
				CLANG_WARN_BOOL_CONVERSION = YES;
				CLANG_WARN_CONSTANT_CONVERSION = YES;
				CLANG_WARN_DIRECT_OBJC_ISA_USAGE = YES_ERROR;
				CLANG_WARN_EMPTY_BODY = YES;
				CLANG_WARN_ENUM_CONVERSION = YES;
				CLANG_WARN_INT_CONVERSION = YES;
				CLANG_WARN_OBJC_ROOT_CLASS = YES_ERROR;
				CLANG_WARN_UNREACHABLE_CODE = YES;
				CLANG_WARN__DUPLICATE_METHOD_MATCH = YES;
				"CODE_SIGN_IDENTITY[sdk=iphoneos*]" = "iPhone Developer";
				COPY_PHASE_STRIP = NO;
				DEBUG_INFORMATION_FORMAT = dwarf;
				ENABLE_STRICT_OBJC_MSGSEND = YES;
				ENABLE_TESTABILITY = YES;
				GCC_C_LANGUAGE_STANDARD = gnu99;
				GCC_DYNAMIC_NO_PIC = NO;
				GCC_NO_COMMON_BLOCKS = YES;
				GCC_OPTIMIZATION_LEVEL = 0;
				GCC_PREPROCESSOR_DEFINITIONS = (
					"DEBUG=1",
					"$(inherited)",
				);
				GCC_WARN_64_TO_32_BIT_CONVERSION = YES;
				GCC_WARN_ABOUT_RETURN_TYPE = YES_ERROR;
				GCC_WARN_UNDECLARED_SELECTOR = YES;
				GCC_WARN_UNINITIALIZED_AUTOS = YES_AGGRESSIVE;
				GCC_WARN_UNUSED_FUNCTION = YES;
				GCC_WARN_UNUSED_VARIABLE = YES;
				IPHONEOS_DEPLOYMENT_TARGET = 9.2;
				MTL_ENABLE_DEBUG_INFO = YES;
				ONLY_ACTIVE_ARCH = YES;
				SDKROOT = iphoneos;
				TARGETED_DEVICE_FAMILY = "1,2";
			};
			name = Debug;
		};
		EA2B08A41C5F1C4B00DBEC0A /* Release */ = {
			isa = XCBuildConfiguration;
			buildSettings = {
				ALWAYS_SEARCH_USER_PATHS = NO;
				CLANG_CXX_LANGUAGE_STANDARD = "gnu++0x";
				CLANG_CXX_LIBRARY = "libc++";
				CLANG_ENABLE_MODULES = YES;
				CLANG_ENABLE_OBJC_ARC = YES;
				CLANG_WARN_BOOL_CONVERSION = YES;
				CLANG_WARN_CONSTANT_CONVERSION = YES;
				CLANG_WARN_DIRECT_OBJC_ISA_USAGE = YES_ERROR;
				CLANG_WARN_EMPTY_BODY = YES;
				CLANG_WARN_ENUM_CONVERSION = YES;
				CLANG_WARN_INT_CONVERSION = YES;
				CLANG_WARN_OBJC_ROOT_CLASS = YES_ERROR;
				CLANG_WARN_UNREACHABLE_CODE = YES;
				CLANG_WARN__DUPLICATE_METHOD_MATCH = YES;
				"CODE_SIGN_IDENTITY[sdk=iphoneos*]" = "iPhone Developer";
				COPY_PHASE_STRIP = NO;
				DEBUG_INFORMATION_FORMAT = "dwarf-with-dsym";
				ENABLE_NS_ASSERTIONS = NO;
				ENABLE_STRICT_OBJC_MSGSEND = YES;
				GCC_C_LANGUAGE_STANDARD = gnu99;
				GCC_NO_COMMON_BLOCKS = YES;
				GCC_WARN_64_TO_32_BIT_CONVERSION = YES;
				GCC_WARN_ABOUT_RETURN_TYPE = YES_ERROR;
				GCC_WARN_UNDECLARED_SELECTOR = YES;
				GCC_WARN_UNINITIALIZED_AUTOS = YES_AGGRESSIVE;
				GCC_WARN_UNUSED_FUNCTION = YES;
				GCC_WARN_UNUSED_VARIABLE = YES;
				IPHONEOS_DEPLOYMENT_TARGET = 9.2;
				MTL_ENABLE_DEBUG_INFO = NO;
				SDKROOT = iphoneos;
				TARGETED_DEVICE_FAMILY = "1,2";
				VALIDATE_PRODUCT = YES;
			};
			name = Release;
		};
		EA2B08A61C5F1C4B00DBEC0A /* Debug */ = {
			isa = XCBuildConfiguration;
			buildSettings = {
				ASSETCATALOG_COMPILER_APPICON_NAME = AppIcon;
				INFOPLIST_FILE = "Ch1-Blocks/Info.plist";
				LD_RUNPATH_SEARCH_PATHS = "$(inherited) @executable_path/Frameworks";
				PRODUCT_BUNDLE_IDENTIFIER = "com.kwan.Ch1-Blocks";
				PRODUCT_NAME = "$(TARGET_NAME)";
			};
			name = Debug;
		};
		EA2B08A71C5F1C4B00DBEC0A /* Release */ = {
			isa = XCBuildConfiguration;
			buildSettings = {
				ASSETCATALOG_COMPILER_APPICON_NAME = AppIcon;
				INFOPLIST_FILE = "Ch1-Blocks/Info.plist";
				LD_RUNPATH_SEARCH_PATHS = "$(inherited) @executable_path/Frameworks";
				PRODUCT_BUNDLE_IDENTIFIER = "com.kwan.Ch1-Blocks";
				PRODUCT_NAME = "$(TARGET_NAME)";
			};
			name = Release;
		};
/* End XCBuildConfiguration section */

/* Begin XCConfigurationList section */
		EA2B08891C5F1C4B00DBEC0A /* Build configuration list for PBXProject "Ch1-Blocks" */ = {
			isa = XCConfigurationList;
			buildConfigurations = (
				EA2B08A31C5F1C4B00DBEC0A /* Debug */,
				EA2B08A41C5F1C4B00DBEC0A /* Release */,
			);
			defaultConfigurationIsVisible = 0;
			defaultConfigurationName = Release;
		};
		EA2B08A51C5F1C4B00DBEC0A /* Build configuration list for PBXNativeTarget "Ch1-Blocks" */ = {
			isa = XCConfigurationList;
			buildConfigurations = (
				EA2B08A61C5F1C4B00DBEC0A /* Debug */,
				EA2B08A71C5F1C4B00DBEC0A /* Release */,
			);
			defaultConfigurationIsVisible = 0;
		};
/* End XCConfigurationList section */
	};
	rootObject = EA2B08861C5F1C4B00DBEC0A /* Project object */;
}
